// !$*UTF8*$!
{
	archiveVersion = 1;
	classes = {
	};
	objectVersion = 56;
	objects = {

/* Begin PBXBuildFile section */
		D4455E2E2B80DC890015EFC1 /* SampleAppError.swift in Sources */ = {isa = PBXBuildFile; fileRef = D4455E2D2B80DC890015EFC1 /* SampleAppError.swift */; };
		D485BE302B80C463003C2A3A /* APIClient.swift in Sources */ = {isa = PBXBuildFile; fileRef = D485BE2F2B80C463003C2A3A /* APIClient.swift */; };
		D4B392A62B8F6AE800CA01A1 /* APIInfo.plist in Resources */ = {isa = PBXBuildFile; fileRef = D4B392A52B8F6AE800CA01A1 /* APIInfo.plist */; };
		D4C173A22B7E31690070F560 /* AppDelegate.swift in Sources */ = {isa = PBXBuildFile; fileRef = D4C173A12B7E31690070F560 /* AppDelegate.swift */; };
		D4C173AB2B7E316A0070F560 /* Assets.xcassets in Resources */ = {isa = PBXBuildFile; fileRef = D4C173AA2B7E316A0070F560 /* Assets.xcassets */; };
		D4C173AE2B7E316A0070F560 /* LaunchScreen.storyboard in Resources */ = {isa = PBXBuildFile; fileRef = D4C173AC2B7E316A0070F560 /* LaunchScreen.storyboard */; };
		D4C173B92B7E316B0070F560 /* SampleApp_UIKitTests.swift in Sources */ = {isa = PBXBuildFile; fileRef = D4C173B82B7E316B0070F560 /* SampleApp_UIKitTests.swift */; };
		D4C173C32B7E316B0070F560 /* SampleApp_UIKitUITests.swift in Sources */ = {isa = PBXBuildFile; fileRef = D4C173C22B7E316B0070F560 /* SampleApp_UIKitUITests.swift */; };
		D4C173C52B7E316B0070F560 /* SampleApp_UIKitUITestsLaunchTests.swift in Sources */ = {isa = PBXBuildFile; fileRef = D4C173C42B7E316B0070F560 /* SampleApp_UIKitUITestsLaunchTests.swift */; };
		D4D580AA2B7E334B006A5F2B /* HomePresenter.swift in Sources */ = {isa = PBXBuildFile; fileRef = D4D580A42B7E334B006A5F2B /* HomePresenter.swift */; };
		D4D580AB2B7E334B006A5F2B /* HomeWorker.swift in Sources */ = {isa = PBXBuildFile; fileRef = D4D580A52B7E334B006A5F2B /* HomeWorker.swift */; };
		D4D580AC2B7E334B006A5F2B /* HomeRouter.swift in Sources */ = {isa = PBXBuildFile; fileRef = D4D580A62B7E334B006A5F2B /* HomeRouter.swift */; };
		D4D580AD2B7E334B006A5F2B /* HomeModels.swift in Sources */ = {isa = PBXBuildFile; fileRef = D4D580A72B7E334B006A5F2B /* HomeModels.swift */; };
		D4D580AE2B7E334B006A5F2B /* HomeViewController.swift in Sources */ = {isa = PBXBuildFile; fileRef = D4D580A82B7E334B006A5F2B /* HomeViewController.swift */; };
		D4D580AF2B7E334B006A5F2B /* HomeInteractor.swift in Sources */ = {isa = PBXBuildFile; fileRef = D4D580A92B7E334B006A5F2B /* HomeInteractor.swift */; };
		D4D580B62B7E3359006A5F2B /* DetailPresenter.swift in Sources */ = {isa = PBXBuildFile; fileRef = D4D580B02B7E3359006A5F2B /* DetailPresenter.swift */; };
		D4D580B72B7E3359006A5F2B /* DetailWorker.swift in Sources */ = {isa = PBXBuildFile; fileRef = D4D580B12B7E3359006A5F2B /* DetailWorker.swift */; };
		D4D580B82B7E3359006A5F2B /* DetailRouter.swift in Sources */ = {isa = PBXBuildFile; fileRef = D4D580B22B7E3359006A5F2B /* DetailRouter.swift */; };
		D4D580B92B7E3359006A5F2B /* DetailModels.swift in Sources */ = {isa = PBXBuildFile; fileRef = D4D580B32B7E3359006A5F2B /* DetailModels.swift */; };
		D4D580BA2B7E3359006A5F2B /* DetailViewController.swift in Sources */ = {isa = PBXBuildFile; fileRef = D4D580B42B7E3359006A5F2B /* DetailViewController.swift */; };
		D4D580BB2B7E3359006A5F2B /* DetailInteractor.swift in Sources */ = {isa = PBXBuildFile; fileRef = D4D580B52B7E3359006A5F2B /* DetailInteractor.swift */; };
		D4EA30482B84BDA3000B562E /* ResultCell.swift in Sources */ = {isa = PBXBuildFile; fileRef = D4EA30472B84BDA3000B562E /* ResultCell.swift */; };
		D4EA30502B84DBD0000B562E /* String.swift in Sources */ = {isa = PBXBuildFile; fileRef = D4EA304F2B84DBD0000B562E /* String.swift */; };
		D4EA30522B84DBE3000B562E /* UIImageView.swift in Sources */ = {isa = PBXBuildFile; fileRef = D4EA30512B84DBE3000B562E /* UIImageView.swift */; };
		D4EA30552B8518A1000B562E /* Utils.swift in Sources */ = {isa = PBXBuildFile; fileRef = D4EA30542B8518A1000B562E /* Utils.swift */; };
		D4EA30A42B855C26000B562E /* DataModel.xcdatamodeld in Sources */ = {isa = PBXBuildFile; fileRef = D4EA30A22B855C26000B562E /* DataModel.xcdatamodeld */; };
		D4EA30AD2B85F27E000B562E /* DataModelManager.swift in Sources */ = {isa = PBXBuildFile; fileRef = D4EA30AC2B85F27E000B562E /* DataModelManager.swift */; };
		D4EA30B32B8602BD000B562E /* Localizable.strings in Resources */ = {isa = PBXBuildFile; fileRef = D4EA30B12B8602BD000B562E /* Localizable.strings */; };
		D4EA30B52B860351000B562E /* Result.swift in Sources */ = {isa = PBXBuildFile; fileRef = D4EA30B42B860351000B562E /* Result.swift */; };
		D4EA30B72B861A40000B562E /* UIViewController.swift in Sources */ = {isa = PBXBuildFile; fileRef = D4EA30B62B861A40000B562E /* UIViewController.swift */; };
		D4EA30BA2B861FEE000B562E /* FavoritesWorker.swift in Sources */ = {isa = PBXBuildFile; fileRef = D4EA30B92B861FEE000B562E /* FavoritesWorker.swift */; };
		D4EA30BC2B8620E5000B562E /* FavoritesPresenter.swift in Sources */ = {isa = PBXBuildFile; fileRef = D4EA30BB2B8620E5000B562E /* FavoritesPresenter.swift */; };
		D4EA30BE2B8620EF000B562E /* FavoritesRouter.swift in Sources */ = {isa = PBXBuildFile; fileRef = D4EA30BD2B8620EF000B562E /* FavoritesRouter.swift */; };
		D4EA30C12B8620FE000B562E /* FavoritesModels.swift in Sources */ = {isa = PBXBuildFile; fileRef = D4EA30C02B8620FE000B562E /* FavoritesModels.swift */; };
		D4EA30C32B86210A000B562E /* FavoritesInteractor.swift in Sources */ = {isa = PBXBuildFile; fileRef = D4EA30C22B86210A000B562E /* FavoritesInteractor.swift */; };
		D4EA30C52B862119000B562E /* FavoritesViewController.swift in Sources */ = {isa = PBXBuildFile; fileRef = D4EA30C42B862119000B562E /* FavoritesViewController.swift */; };
		D4EA30C72B862759000B562E /* FavoriteItem.swift in Sources */ = {isa = PBXBuildFile; fileRef = D4EA30C62B862759000B562E /* FavoriteItem.swift */; };
		D4EA30C92B864DB2000B562E /* UITableView.swift in Sources */ = {isa = PBXBuildFile; fileRef = D4EA30C82B864DB2000B562E /* UITableView.swift */; };
		D4EA30CB2B8659CA000B562E /* BaseViewController.swift in Sources */ = {isa = PBXBuildFile; fileRef = D4EA30CA2B8659CA000B562E /* BaseViewController.swift */; };
		D4EA31072B876541000B562E /* search_response.json in Resources */ = {isa = PBXBuildFile; fileRef = D4EA31062B876541000B562E /* search_response.json */; };
		D4EA31092B876556000B562E /* get_photo.json in Resources */ = {isa = PBXBuildFile; fileRef = D4EA31082B876556000B562E /* get_photo.json */; };
/* End PBXBuildFile section */

/* Begin PBXContainerItemProxy section */
		D4C173B52B7E316B0070F560 /* PBXContainerItemProxy */ = {
			isa = PBXContainerItemProxy;
			containerPortal = D4C173962B7E31690070F560 /* Project object */;
			proxyType = 1;
			remoteGlobalIDString = D4C1739D2B7E31690070F560;
			remoteInfo = "SampleApp-UIKit";
		};
		D4C173BF2B7E316B0070F560 /* PBXContainerItemProxy */ = {
			isa = PBXContainerItemProxy;
			containerPortal = D4C173962B7E31690070F560 /* Project object */;
			proxyType = 1;
			remoteGlobalIDString = D4C1739D2B7E31690070F560;
			remoteInfo = "SampleApp-UIKit";
		};
/* End PBXContainerItemProxy section */

/* Begin PBXFileReference section */
		D4455E2D2B80DC890015EFC1 /* SampleAppError.swift */ = {isa = PBXFileReference; lastKnownFileType = sourcecode.swift; path = SampleAppError.swift; sourceTree = "<group>"; };
		D485BE2F2B80C463003C2A3A /* APIClient.swift */ = {isa = PBXFileReference; lastKnownFileType = sourcecode.swift; path = APIClient.swift; sourceTree = "<group>"; };
		D4B392A52B8F6AE800CA01A1 /* APIInfo.plist */ = {isa = PBXFileReference; lastKnownFileType = text.plist.xml; path = APIInfo.plist; sourceTree = "<group>"; };
		D4C1739E2B7E31690070F560 /* SampleApp-UIKit.app */ = {isa = PBXFileReference; explicitFileType = wrapper.application; includeInIndex = 0; path = "SampleApp-UIKit.app"; sourceTree = BUILT_PRODUCTS_DIR; };
		D4C173A12B7E31690070F560 /* AppDelegate.swift */ = {isa = PBXFileReference; lastKnownFileType = sourcecode.swift; path = AppDelegate.swift; sourceTree = "<group>"; };
		D4C173AA2B7E316A0070F560 /* Assets.xcassets */ = {isa = PBXFileReference; lastKnownFileType = folder.assetcatalog; path = Assets.xcassets; sourceTree = "<group>"; };
		D4C173AD2B7E316A0070F560 /* Base */ = {isa = PBXFileReference; lastKnownFileType = file.storyboard; name = Base; path = Base.lproj/LaunchScreen.storyboard; sourceTree = "<group>"; };
		D4C173AF2B7E316A0070F560 /* Info.plist */ = {isa = PBXFileReference; lastKnownFileType = text.plist.xml; path = Info.plist; sourceTree = "<group>"; };
		D4C173B42B7E316B0070F560 /* SampleApp-UIKitTests.xctest */ = {isa = PBXFileReference; explicitFileType = wrapper.cfbundle; includeInIndex = 0; path = "SampleApp-UIKitTests.xctest"; sourceTree = BUILT_PRODUCTS_DIR; };
		D4C173B82B7E316B0070F560 /* SampleApp_UIKitTests.swift */ = {isa = PBXFileReference; lastKnownFileType = sourcecode.swift; path = SampleApp_UIKitTests.swift; sourceTree = "<group>"; };
		D4C173BE2B7E316B0070F560 /* SampleApp-UIKitUITests.xctest */ = {isa = PBXFileReference; explicitFileType = wrapper.cfbundle; includeInIndex = 0; path = "SampleApp-UIKitUITests.xctest"; sourceTree = BUILT_PRODUCTS_DIR; };
		D4C173C22B7E316B0070F560 /* SampleApp_UIKitUITests.swift */ = {isa = PBXFileReference; lastKnownFileType = sourcecode.swift; path = SampleApp_UIKitUITests.swift; sourceTree = "<group>"; };
		D4C173C42B7E316B0070F560 /* SampleApp_UIKitUITestsLaunchTests.swift */ = {isa = PBXFileReference; lastKnownFileType = sourcecode.swift; path = SampleApp_UIKitUITestsLaunchTests.swift; sourceTree = "<group>"; };
		D4D580A42B7E334B006A5F2B /* HomePresenter.swift */ = {isa = PBXFileReference; lastKnownFileType = sourcecode.swift; path = HomePresenter.swift; sourceTree = "<group>"; };
		D4D580A52B7E334B006A5F2B /* HomeWorker.swift */ = {isa = PBXFileReference; lastKnownFileType = sourcecode.swift; path = HomeWorker.swift; sourceTree = "<group>"; };
		D4D580A62B7E334B006A5F2B /* HomeRouter.swift */ = {isa = PBXFileReference; lastKnownFileType = sourcecode.swift; path = HomeRouter.swift; sourceTree = "<group>"; };
		D4D580A72B7E334B006A5F2B /* HomeModels.swift */ = {isa = PBXFileReference; lastKnownFileType = sourcecode.swift; path = HomeModels.swift; sourceTree = "<group>"; };
		D4D580A82B7E334B006A5F2B /* HomeViewController.swift */ = {isa = PBXFileReference; lastKnownFileType = sourcecode.swift; path = HomeViewController.swift; sourceTree = "<group>"; };
		D4D580A92B7E334B006A5F2B /* HomeInteractor.swift */ = {isa = PBXFileReference; lastKnownFileType = sourcecode.swift; path = HomeInteractor.swift; sourceTree = "<group>"; };
		D4D580B02B7E3359006A5F2B /* DetailPresenter.swift */ = {isa = PBXFileReference; lastKnownFileType = sourcecode.swift; path = DetailPresenter.swift; sourceTree = "<group>"; };
		D4D580B12B7E3359006A5F2B /* DetailWorker.swift */ = {isa = PBXFileReference; lastKnownFileType = sourcecode.swift; path = DetailWorker.swift; sourceTree = "<group>"; };
		D4D580B22B7E3359006A5F2B /* DetailRouter.swift */ = {isa = PBXFileReference; lastKnownFileType = sourcecode.swift; path = DetailRouter.swift; sourceTree = "<group>"; };
		D4D580B32B7E3359006A5F2B /* DetailModels.swift */ = {isa = PBXFileReference; lastKnownFileType = sourcecode.swift; path = DetailModels.swift; sourceTree = "<group>"; };
		D4D580B42B7E3359006A5F2B /* DetailViewController.swift */ = {isa = PBXFileReference; lastKnownFileType = sourcecode.swift; path = DetailViewController.swift; sourceTree = "<group>"; };
		D4D580B52B7E3359006A5F2B /* DetailInteractor.swift */ = {isa = PBXFileReference; lastKnownFileType = sourcecode.swift; path = DetailInteractor.swift; sourceTree = "<group>"; };
		D4EA30472B84BDA3000B562E /* ResultCell.swift */ = {isa = PBXFileReference; lastKnownFileType = sourcecode.swift; path = ResultCell.swift; sourceTree = "<group>"; };
		D4EA304F2B84DBD0000B562E /* String.swift */ = {isa = PBXFileReference; lastKnownFileType = sourcecode.swift; path = String.swift; sourceTree = "<group>"; };
		D4EA30512B84DBE3000B562E /* UIImageView.swift */ = {isa = PBXFileReference; lastKnownFileType = sourcecode.swift; path = UIImageView.swift; sourceTree = "<group>"; };
		D4EA30542B8518A1000B562E /* Utils.swift */ = {isa = PBXFileReference; lastKnownFileType = sourcecode.swift; path = Utils.swift; sourceTree = "<group>"; };
		D4EA30A32B855C26000B562E /* DataModel.xcdatamodel */ = {isa = PBXFileReference; lastKnownFileType = wrapper.xcdatamodel; path = DataModel.xcdatamodel; sourceTree = "<group>"; };
		D4EA30AC2B85F27E000B562E /* DataModelManager.swift */ = {isa = PBXFileReference; lastKnownFileType = sourcecode.swift; path = DataModelManager.swift; sourceTree = "<group>"; };
		D4EA30B22B8602BD000B562E /* en */ = {isa = PBXFileReference; lastKnownFileType = text.plist.strings; name = en; path = Localizable.strings; sourceTree = "<group>"; };
		D4EA30B42B860351000B562E /* Result.swift */ = {isa = PBXFileReference; lastKnownFileType = sourcecode.swift; path = Result.swift; sourceTree = "<group>"; };
		D4EA30B62B861A40000B562E /* UIViewController.swift */ = {isa = PBXFileReference; lastKnownFileType = sourcecode.swift; path = UIViewController.swift; sourceTree = "<group>"; };
		D4EA30B92B861FEE000B562E /* FavoritesWorker.swift */ = {isa = PBXFileReference; lastKnownFileType = sourcecode.swift; path = FavoritesWorker.swift; sourceTree = "<group>"; };
		D4EA30BB2B8620E5000B562E /* FavoritesPresenter.swift */ = {isa = PBXFileReference; lastKnownFileType = sourcecode.swift; path = FavoritesPresenter.swift; sourceTree = "<group>"; };
		D4EA30BD2B8620EF000B562E /* FavoritesRouter.swift */ = {isa = PBXFileReference; lastKnownFileType = sourcecode.swift; path = FavoritesRouter.swift; sourceTree = "<group>"; };
		D4EA30C02B8620FE000B562E /* FavoritesModels.swift */ = {isa = PBXFileReference; lastKnownFileType = sourcecode.swift; path = FavoritesModels.swift; sourceTree = "<group>"; };
		D4EA30C22B86210A000B562E /* FavoritesInteractor.swift */ = {isa = PBXFileReference; lastKnownFileType = sourcecode.swift; path = FavoritesInteractor.swift; sourceTree = "<group>"; };
		D4EA30C42B862119000B562E /* FavoritesViewController.swift */ = {isa = PBXFileReference; lastKnownFileType = sourcecode.swift; path = FavoritesViewController.swift; sourceTree = "<group>"; };
		D4EA30C62B862759000B562E /* FavoriteItem.swift */ = {isa = PBXFileReference; lastKnownFileType = sourcecode.swift; path = FavoriteItem.swift; sourceTree = "<group>"; };
		D4EA30C82B864DB2000B562E /* UITableView.swift */ = {isa = PBXFileReference; lastKnownFileType = sourcecode.swift; path = UITableView.swift; sourceTree = "<group>"; };
		D4EA30CA2B8659CA000B562E /* BaseViewController.swift */ = {isa = PBXFileReference; lastKnownFileType = sourcecode.swift; path = BaseViewController.swift; sourceTree = "<group>"; };
		D4EA31062B876541000B562E /* search_response.json */ = {isa = PBXFileReference; lastKnownFileType = text.json; path = search_response.json; sourceTree = "<group>"; };
		D4EA31082B876556000B562E /* get_photo.json */ = {isa = PBXFileReference; lastKnownFileType = text.json; path = get_photo.json; sourceTree = "<group>"; };
/* End PBXFileReference section */

/* Begin PBXFrameworksBuildPhase section */
		D4C1739B2B7E31690070F560 /* Frameworks */ = {
			isa = PBXFrameworksBuildPhase;
			buildActionMask = 2147483647;
			files = (
			);
			runOnlyForDeploymentPostprocessing = 0;
		};
		D4C173B12B7E316B0070F560 /* Frameworks */ = {
			isa = PBXFrameworksBuildPhase;
			buildActionMask = 2147483647;
			files = (
			);
			runOnlyForDeploymentPostprocessing = 0;
		};
		D4C173BB2B7E316B0070F560 /* Frameworks */ = {
			isa = PBXFrameworksBuildPhase;
			buildActionMask = 2147483647;
			files = (
			);
			runOnlyForDeploymentPostprocessing = 0;
		};
/* End PBXFrameworksBuildPhase section */

/* Begin PBXGroup section */
		D4C173952B7E31690070F560 = {
			isa = PBXGroup;
			children = (
				D4C173A02B7E31690070F560 /* SampleApp-UIKit */,
				D4C173B72B7E316B0070F560 /* SampleApp-UIKitTests */,
				D4C173C12B7E316B0070F560 /* SampleApp-UIKitUITests */,
				D4C1739F2B7E31690070F560 /* Products */,
			);
			sourceTree = "<group>";
		};
		D4C1739F2B7E31690070F560 /* Products */ = {
			isa = PBXGroup;
			children = (
				D4C1739E2B7E31690070F560 /* SampleApp-UIKit.app */,
				D4C173B42B7E316B0070F560 /* SampleApp-UIKitTests.xctest */,
				D4C173BE2B7E316B0070F560 /* SampleApp-UIKitUITests.xctest */,
			);
			name = Products;
			sourceTree = "<group>";
		};
		D4C173A02B7E31690070F560 /* SampleApp-UIKit */ = {
			isa = PBXGroup;
			children = (
				D4D580BF2B7EBAB4006A5F2B /* APIClient */,
				D4D580BE2B7EBAAD006A5F2B /* Cells */,
				D4D580A12B7E3306006A5F2B /* Scenes */,
				D4EA304E2B84DB66000B562E /* Extensions */,
				D4EA30AE2B8601F3000B562E /* Resources */,
				D4EA30532B851892000B562E /* Utils */,
				D4EA30A52B855C2C000B562E /* Model */,
				D4C173A12B7E31690070F560 /* AppDelegate.swift */,
				D4C173AC2B7E316A0070F560 /* LaunchScreen.storyboard */,
				D4C173AF2B7E316A0070F560 /* Info.plist */,
			);
			path = "SampleApp-UIKit";
			sourceTree = "<group>";
		};
		D4C173B72B7E316B0070F560 /* SampleApp-UIKitTests */ = {
			isa = PBXGroup;
			children = (
				D4C173B82B7E316B0070F560 /* SampleApp_UIKitTests.swift */,
			);
			path = "SampleApp-UIKitTests";
			sourceTree = "<group>";
		};
		D4C173C12B7E316B0070F560 /* SampleApp-UIKitUITests */ = {
			isa = PBXGroup;
			children = (
				D4C173C22B7E316B0070F560 /* SampleApp_UIKitUITests.swift */,
				D4C173C42B7E316B0070F560 /* SampleApp_UIKitUITestsLaunchTests.swift */,
			);
			path = "SampleApp-UIKitUITests";
			sourceTree = "<group>";
		};
		D4D580A12B7E3306006A5F2B /* Scenes */ = {
			isa = PBXGroup;
			children = (
				D4D580A22B7E3324006A5F2B /* Home */,
				D4D580A32B7E332E006A5F2B /* Detail */,
				D4EA30B82B861FD0000B562E /* Favorites */,
				D4EA30CA2B8659CA000B562E /* BaseViewController.swift */,
			);
			path = Scenes;
			sourceTree = "<group>";
		};
		D4D580A22B7E3324006A5F2B /* Home */ = {
			isa = PBXGroup;
			children = (
				D4D580A42B7E334B006A5F2B /* HomePresenter.swift */,
				D4D580A52B7E334B006A5F2B /* HomeWorker.swift */,
				D4D580A62B7E334B006A5F2B /* HomeRouter.swift */,
				D4D580A72B7E334B006A5F2B /* HomeModels.swift */,
				D4D580A82B7E334B006A5F2B /* HomeViewController.swift */,
				D4D580A92B7E334B006A5F2B /* HomeInteractor.swift */,
			);
			path = Home;
			sourceTree = "<group>";
		};
		D4D580A32B7E332E006A5F2B /* Detail */ = {
			isa = PBXGroup;
			children = (
				D4D580B12B7E3359006A5F2B /* DetailWorker.swift */,
				D4D580B22B7E3359006A5F2B /* DetailRouter.swift */,
				D4D580B02B7E3359006A5F2B /* DetailPresenter.swift */,
				D4D580B32B7E3359006A5F2B /* DetailModels.swift */,
				D4D580B42B7E3359006A5F2B /* DetailViewController.swift */,
				D4D580B52B7E3359006A5F2B /* DetailInteractor.swift */,
			);
			path = Detail;
			sourceTree = "<group>";
		};
		D4D580BE2B7EBAAD006A5F2B /* Cells */ = {
			isa = PBXGroup;
			children = (
				D4EA30472B84BDA3000B562E /* ResultCell.swift */,
			);
			path = Cells;
			sourceTree = "<group>";
		};
		D4D580BF2B7EBAB4006A5F2B /* APIClient */ = {
			isa = PBXGroup;
			children = (
				D485BE2F2B80C463003C2A3A /* APIClient.swift */,
			);
			path = APIClient;
			sourceTree = "<group>";
		};
		D4EA304E2B84DB66000B562E /* Extensions */ = {
			isa = PBXGroup;
			children = (
				D4EA304F2B84DBD0000B562E /* String.swift */,
				D4EA30512B84DBE3000B562E /* UIImageView.swift */,
				D4EA30B42B860351000B562E /* Result.swift */,
				D4EA30B62B861A40000B562E /* UIViewController.swift */,
				D4EA30C62B862759000B562E /* FavoriteItem.swift */,
				D4EA30C82B864DB2000B562E /* UITableView.swift */,
			);
			path = Extensions;
			sourceTree = "<group>";
		};
		D4EA30532B851892000B562E /* Utils */ = {
			isa = PBXGroup;
			children = (
				D4455E2D2B80DC890015EFC1 /* SampleAppError.swift */,
				D4EA30542B8518A1000B562E /* Utils.swift */,
			);
			path = Utils;
			sourceTree = "<group>";
		};
		D4EA30A52B855C2C000B562E /* Model */ = {
			isa = PBXGroup;
			children = (
				D4EA30A22B855C26000B562E /* DataModel.xcdatamodeld */,
				D4EA30AC2B85F27E000B562E /* DataModelManager.swift */,
			);
			path = Model;
			sourceTree = "<group>";
		};
		D4EA30AE2B8601F3000B562E /* Resources */ = {
			isa = PBXGroup;
			children = (
				D4EA31042B8764FF000B562E /* Mocks */,
				D4EA30AF2B86021C000B562E /* Localizables */,
				D4C173AA2B7E316A0070F560 /* Assets.xcassets */,
				D4B392A52B8F6AE800CA01A1 /* APIInfo.plist */,
			);
			path = Resources;
			sourceTree = "<group>";
		};
		D4EA30AF2B86021C000B562E /* Localizables */ = {
			isa = PBXGroup;
			children = (
				D4EA30B02B86029A000B562E /* en.lproj */,
			);
			path = Localizables;
			sourceTree = "<group>";
		};
		D4EA30B02B86029A000B562E /* en.lproj */ = {
			isa = PBXGroup;
			children = (
				D4EA30B12B8602BD000B562E /* Localizable.strings */,
			);
			path = en.lproj;
			sourceTree = "<group>";
		};
		D4EA30B82B861FD0000B562E /* Favorites */ = {
			isa = PBXGroup;
			children = (
				D4EA30B92B861FEE000B562E /* FavoritesWorker.swift */,
				D4EA30BB2B8620E5000B562E /* FavoritesPresenter.swift */,
				D4EA30BD2B8620EF000B562E /* FavoritesRouter.swift */,
				D4EA30C02B8620FE000B562E /* FavoritesModels.swift */,
				D4EA30C22B86210A000B562E /* FavoritesInteractor.swift */,
				D4EA30C42B862119000B562E /* FavoritesViewController.swift */,
			);
			path = Favorites;
			sourceTree = "<group>";
		};
		D4EA31042B8764FF000B562E /* Mocks */ = {
			isa = PBXGroup;
			children = (
				D4EA31052B876508000B562E /* jsons */,
			);
			path = Mocks;
			sourceTree = "<group>";
		};
		D4EA31052B876508000B562E /* jsons */ = {
			isa = PBXGroup;
			children = (
				D4EA31062B876541000B562E /* search_response.json */,
				D4EA31082B876556000B562E /* get_photo.json */,
			);
			path = jsons;
			sourceTree = "<group>";
		};
/* End PBXGroup section */

/* Begin PBXNativeTarget section */
		D4C1739D2B7E31690070F560 /* SampleApp-UIKit */ = {
			isa = PBXNativeTarget;
			buildConfigurationList = D4C173C82B7E316B0070F560 /* Build configuration list for PBXNativeTarget "SampleApp-UIKit" */;
			buildPhases = (
				D4C1739A2B7E31690070F560 /* Sources */,
				D4C1739B2B7E31690070F560 /* Frameworks */,
				D4C1739C2B7E31690070F560 /* Resources */,
			);
			buildRules = (
			);
			dependencies = (
			);
			name = "SampleApp-UIKit";
			productName = "SampleApp-UIKit";
			productReference = D4C1739E2B7E31690070F560 /* SampleApp-UIKit.app */;
			productType = "com.apple.product-type.application";
		};
		D4C173B32B7E316B0070F560 /* SampleApp-UIKitTests */ = {
			isa = PBXNativeTarget;
			buildConfigurationList = D4C173CB2B7E316B0070F560 /* Build configuration list for PBXNativeTarget "SampleApp-UIKitTests" */;
			buildPhases = (
				D4C173B02B7E316B0070F560 /* Sources */,
				D4C173B12B7E316B0070F560 /* Frameworks */,
				D4C173B22B7E316B0070F560 /* Resources */,
			);
			buildRules = (
			);
			dependencies = (
				D4C173B62B7E316B0070F560 /* PBXTargetDependency */,
			);
			name = "SampleApp-UIKitTests";
			productName = "SampleApp-UIKitTests";
			productReference = D4C173B42B7E316B0070F560 /* SampleApp-UIKitTests.xctest */;
			productType = "com.apple.product-type.bundle.unit-test";
		};
		D4C173BD2B7E316B0070F560 /* SampleApp-UIKitUITests */ = {
			isa = PBXNativeTarget;
			buildConfigurationList = D4C173CE2B7E316B0070F560 /* Build configuration list for PBXNativeTarget "SampleApp-UIKitUITests" */;
			buildPhases = (
				D4C173BA2B7E316B0070F560 /* Sources */,
				D4C173BB2B7E316B0070F560 /* Frameworks */,
				D4C173BC2B7E316B0070F560 /* Resources */,
			);
			buildRules = (
			);
			dependencies = (
				D4C173C02B7E316B0070F560 /* PBXTargetDependency */,
			);
			name = "SampleApp-UIKitUITests";
			productName = "SampleApp-UIKitUITests";
			productReference = D4C173BE2B7E316B0070F560 /* SampleApp-UIKitUITests.xctest */;
			productType = "com.apple.product-type.bundle.ui-testing";
		};
/* End PBXNativeTarget section */

/* Begin PBXProject section */
		D4C173962B7E31690070F560 /* Project object */ = {
			isa = PBXProject;
			attributes = {
				BuildIndependentTargetsInParallel = 1;
				LastSwiftUpdateCheck = 1520;
				LastUpgradeCheck = 1520;
				TargetAttributes = {
					D4C1739D2B7E31690070F560 = {
						CreatedOnToolsVersion = 15.2;
					};
					D4C173B32B7E316B0070F560 = {
						CreatedOnToolsVersion = 15.2;
						TestTargetID = D4C1739D2B7E31690070F560;
					};
					D4C173BD2B7E316B0070F560 = {
						CreatedOnToolsVersion = 15.2;
						TestTargetID = D4C1739D2B7E31690070F560;
					};
				};
			};
			buildConfigurationList = D4C173992B7E31690070F560 /* Build configuration list for PBXProject "SampleApp-UIKit" */;
			compatibilityVersion = "Xcode 14.0";
			developmentRegion = en;
			hasScannedForEncodings = 0;
			knownRegions = (
				en,
				Base,
			);
			mainGroup = D4C173952B7E31690070F560;
			productRefGroup = D4C1739F2B7E31690070F560 /* Products */;
			projectDirPath = "";
			projectRoot = "";
			targets = (
				D4C1739D2B7E31690070F560 /* SampleApp-UIKit */,
				D4C173B32B7E316B0070F560 /* SampleApp-UIKitTests */,
				D4C173BD2B7E316B0070F560 /* SampleApp-UIKitUITests */,
			);
		};
/* End PBXProject section */

/* Begin PBXResourcesBuildPhase section */
		D4C1739C2B7E31690070F560 /* Resources */ = {
			isa = PBXResourcesBuildPhase;
			buildActionMask = 2147483647;
			files = (
				D4EA31072B876541000B562E /* search_response.json in Resources */,
				D4EA31092B876556000B562E /* get_photo.json in Resources */,
				D4C173AE2B7E316A0070F560 /* LaunchScreen.storyboard in Resources */,
				D4EA30B32B8602BD000B562E /* Localizable.strings in Resources */,
				D4C173AB2B7E316A0070F560 /* Assets.xcassets in Resources */,
				D4B392A62B8F6AE800CA01A1 /* APIInfo.plist in Resources */,
			);
			runOnlyForDeploymentPostprocessing = 0;
		};
		D4C173B22B7E316B0070F560 /* Resources */ = {
			isa = PBXResourcesBuildPhase;
			buildActionMask = 2147483647;
			files = (
			);
			runOnlyForDeploymentPostprocessing = 0;
		};
		D4C173BC2B7E316B0070F560 /* Resources */ = {
			isa = PBXResourcesBuildPhase;
			buildActionMask = 2147483647;
			files = (
			);
			runOnlyForDeploymentPostprocessing = 0;
		};
/* End PBXResourcesBuildPhase section */

/* Begin PBXSourcesBuildPhase section */
		D4C1739A2B7E31690070F560 /* Sources */ = {
			isa = PBXSourcesBuildPhase;
			buildActionMask = 2147483647;
			files = (
				D4EA30502B84DBD0000B562E /* String.swift in Sources */,
				D4EA30A42B855C26000B562E /* DataModel.xcdatamodeld in Sources */,
				D4EA30C32B86210A000B562E /* FavoritesInteractor.swift in Sources */,
				D4D580AC2B7E334B006A5F2B /* HomeRouter.swift in Sources */,
				D485BE302B80C463003C2A3A /* APIClient.swift in Sources */,
				D4D580B72B7E3359006A5F2B /* DetailWorker.swift in Sources */,
				D4C173A22B7E31690070F560 /* AppDelegate.swift in Sources */,
				D4EA30C92B864DB2000B562E /* UITableView.swift in Sources */,
				D4EA30B72B861A40000B562E /* UIViewController.swift in Sources */,
				D4D580B62B7E3359006A5F2B /* DetailPresenter.swift in Sources */,
				D4D580AE2B7E334B006A5F2B /* HomeViewController.swift in Sources */,
				D4EA30BA2B861FEE000B562E /* FavoritesWorker.swift in Sources */,
				D4D580BB2B7E3359006A5F2B /* DetailInteractor.swift in Sources */,
				D4EA30CB2B8659CA000B562E /* BaseViewController.swift in Sources */,
				D4D580AB2B7E334B006A5F2B /* HomeWorker.swift in Sources */,
				D4EA30B52B860351000B562E /* Result.swift in Sources */,
				D4D580AF2B7E334B006A5F2B /* HomeInteractor.swift in Sources */,
				D4D580B82B7E3359006A5F2B /* DetailRouter.swift in Sources */,
				D4EA30BC2B8620E5000B562E /* FavoritesPresenter.swift in Sources */,
				D4EA30482B84BDA3000B562E /* ResultCell.swift in Sources */,
				D4D580B92B7E3359006A5F2B /* DetailModels.swift in Sources */,
				D4EA30C12B8620FE000B562E /* FavoritesModels.swift in Sources */,
				D4D580AA2B7E334B006A5F2B /* HomePresenter.swift in Sources */,
				D4EA30522B84DBE3000B562E /* UIImageView.swift in Sources */,
				D4EA30BE2B8620EF000B562E /* FavoritesRouter.swift in Sources */,
				D4EA30C52B862119000B562E /* FavoritesViewController.swift in Sources */,
				D4D580AD2B7E334B006A5F2B /* HomeModels.swift in Sources */,
				D4455E2E2B80DC890015EFC1 /* SampleAppError.swift in Sources */,
				D4EA30C72B862759000B562E /* FavoriteItem.swift in Sources */,
				D4EA30AD2B85F27E000B562E /* DataModelManager.swift in Sources */,
				D4EA30552B8518A1000B562E /* Utils.swift in Sources */,
				D4D580BA2B7E3359006A5F2B /* DetailViewController.swift in Sources */,
			);
			runOnlyForDeploymentPostprocessing = 0;
		};
		D4C173B02B7E316B0070F560 /* Sources */ = {
			isa = PBXSourcesBuildPhase;
			buildActionMask = 2147483647;
			files = (
				D4C173B92B7E316B0070F560 /* SampleApp_UIKitTests.swift in Sources */,
			);
			runOnlyForDeploymentPostprocessing = 0;
		};
		D4C173BA2B7E316B0070F560 /* Sources */ = {
			isa = PBXSourcesBuildPhase;
			buildActionMask = 2147483647;
			files = (
				D4C173C32B7E316B0070F560 /* SampleApp_UIKitUITests.swift in Sources */,
				D4C173C52B7E316B0070F560 /* SampleApp_UIKitUITestsLaunchTests.swift in Sources */,
			);
			runOnlyForDeploymentPostprocessing = 0;
		};
/* End PBXSourcesBuildPhase section */

/* Begin PBXTargetDependency section */
		D4C173B62B7E316B0070F560 /* PBXTargetDependency */ = {
			isa = PBXTargetDependency;
			target = D4C1739D2B7E31690070F560 /* SampleApp-UIKit */;
			targetProxy = D4C173B52B7E316B0070F560 /* PBXContainerItemProxy */;
		};
		D4C173C02B7E316B0070F560 /* PBXTargetDependency */ = {
			isa = PBXTargetDependency;
			target = D4C1739D2B7E31690070F560 /* SampleApp-UIKit */;
			targetProxy = D4C173BF2B7E316B0070F560 /* PBXContainerItemProxy */;
		};
/* End PBXTargetDependency section */

/* Begin PBXVariantGroup section */
		D4C173AC2B7E316A0070F560 /* LaunchScreen.storyboard */ = {
			isa = PBXVariantGroup;
			children = (
				D4C173AD2B7E316A0070F560 /* Base */,
			);
			name = LaunchScreen.storyboard;
			sourceTree = "<group>";
		};
		D4EA30B12B8602BD000B562E /* Localizable.strings */ = {
			isa = PBXVariantGroup;
			children = (
				D4EA30B22B8602BD000B562E /* en */,
			);
			name = Localizable.strings;
			sourceTree = "<group>";
		};
/* End PBXVariantGroup section */

/* Begin XCBuildConfiguration section */
		D4C173C62B7E316B0070F560 /* Debug */ = {
			isa = XCBuildConfiguration;
			buildSettings = {
				ALWAYS_SEARCH_USER_PATHS = NO;
				ASSETCATALOG_COMPILER_GENERATE_SWIFT_ASSET_SYMBOL_EXTENSIONS = YES;
				CLANG_ANALYZER_NONNULL = YES;
				CLANG_ANALYZER_NUMBER_OBJECT_CONVERSION = YES_AGGRESSIVE;
				CLANG_CXX_LANGUAGE_STANDARD = "gnu++20";
				CLANG_ENABLE_MODULES = YES;
				CLANG_ENABLE_OBJC_ARC = YES;
				CLANG_ENABLE_OBJC_WEAK = YES;
				CLANG_WARN_BLOCK_CAPTURE_AUTORELEASING = YES;
				CLANG_WARN_BOOL_CONVERSION = YES;
				CLANG_WARN_COMMA = YES;
				CLANG_WARN_CONSTANT_CONVERSION = YES;
				CLANG_WARN_DEPRECATED_OBJC_IMPLEMENTATIONS = YES;
				CLANG_WARN_DIRECT_OBJC_ISA_USAGE = YES_ERROR;
				CLANG_WARN_DOCUMENTATION_COMMENTS = YES;
				CLANG_WARN_EMPTY_BODY = YES;
				CLANG_WARN_ENUM_CONVERSION = YES;
				CLANG_WARN_INFINITE_RECURSION = YES;
				CLANG_WARN_INT_CONVERSION = YES;
				CLANG_WARN_NON_LITERAL_NULL_CONVERSION = YES;
				CLANG_WARN_OBJC_IMPLICIT_RETAIN_SELF = YES;
				CLANG_WARN_OBJC_LITERAL_CONVERSION = YES;
				CLANG_WARN_OBJC_ROOT_CLASS = YES_ERROR;
				CLANG_WARN_QUOTED_INCLUDE_IN_FRAMEWORK_HEADER = YES;
				CLANG_WARN_RANGE_LOOP_ANALYSIS = YES;
				CLANG_WARN_STRICT_PROTOTYPES = YES;
				CLANG_WARN_SUSPICIOUS_MOVE = YES;
				CLANG_WARN_UNGUARDED_AVAILABILITY = YES_AGGRESSIVE;
				CLANG_WARN_UNREACHABLE_CODE = YES;
				CLANG_WARN__DUPLICATE_METHOD_MATCH = YES;
				COPY_PHASE_STRIP = NO;
				DEBUG_INFORMATION_FORMAT = dwarf;
				ENABLE_STRICT_OBJC_MSGSEND = YES;
				ENABLE_TESTABILITY = YES;
				ENABLE_USER_SCRIPT_SANDBOXING = YES;
				GCC_C_LANGUAGE_STANDARD = gnu17;
				GCC_DYNAMIC_NO_PIC = NO;
				GCC_NO_COMMON_BLOCKS = YES;
				GCC_OPTIMIZATION_LEVEL = 0;
				GCC_PREPROCESSOR_DEFINITIONS = (
					"DEBUG=1",
					"$(inherited)",
				);
				GCC_WARN_64_TO_32_BIT_CONVERSION = YES;
				GCC_WARN_ABOUT_RETURN_TYPE = YES_ERROR;
				GCC_WARN_UNDECLARED_SELECTOR = YES;
				GCC_WARN_UNINITIALIZED_AUTOS = YES_AGGRESSIVE;
				GCC_WARN_UNUSED_FUNCTION = YES;
				GCC_WARN_UNUSED_VARIABLE = YES;
				IPHONEOS_DEPLOYMENT_TARGET = 17.2;
				LOCALIZATION_PREFERS_STRING_CATALOGS = YES;
				MTL_ENABLE_DEBUG_INFO = INCLUDE_SOURCE;
				MTL_FAST_MATH = YES;
				ONLY_ACTIVE_ARCH = YES;
				SDKROOT = iphoneos;
				SWIFT_ACTIVE_COMPILATION_CONDITIONS = "DEBUG $(inherited)";
				SWIFT_OPTIMIZATION_LEVEL = "-Onone";
			};
			name = Debug;
		};
		D4C173C72B7E316B0070F560 /* Release */ = {
			isa = XCBuildConfiguration;
			buildSettings = {
				ALWAYS_SEARCH_USER_PATHS = NO;
				ASSETCATALOG_COMPILER_GENERATE_SWIFT_ASSET_SYMBOL_EXTENSIONS = YES;
				CLANG_ANALYZER_NONNULL = YES;
				CLANG_ANALYZER_NUMBER_OBJECT_CONVERSION = YES_AGGRESSIVE;
				CLANG_CXX_LANGUAGE_STANDARD = "gnu++20";
				CLANG_ENABLE_MODULES = YES;
				CLANG_ENABLE_OBJC_ARC = YES;
				CLANG_ENABLE_OBJC_WEAK = YES;
				CLANG_WARN_BLOCK_CAPTURE_AUTORELEASING = YES;
				CLANG_WARN_BOOL_CONVERSION = YES;
				CLANG_WARN_COMMA = YES;
				CLANG_WARN_CONSTANT_CONVERSION = YES;
				CLANG_WARN_DEPRECATED_OBJC_IMPLEMENTATIONS = YES;
				CLANG_WARN_DIRECT_OBJC_ISA_USAGE = YES_ERROR;
				CLANG_WARN_DOCUMENTATION_COMMENTS = YES;
				CLANG_WARN_EMPTY_BODY = YES;
				CLANG_WARN_ENUM_CONVERSION = YES;
				CLANG_WARN_INFINITE_RECURSION = YES;
				CLANG_WARN_INT_CONVERSION = YES;
				CLANG_WARN_NON_LITERAL_NULL_CONVERSION = YES;
				CLANG_WARN_OBJC_IMPLICIT_RETAIN_SELF = YES;
				CLANG_WARN_OBJC_LITERAL_CONVERSION = YES;
				CLANG_WARN_OBJC_ROOT_CLASS = YES_ERROR;
				CLANG_WARN_QUOTED_INCLUDE_IN_FRAMEWORK_HEADER = YES;
				CLANG_WARN_RANGE_LOOP_ANALYSIS = YES;
				CLANG_WARN_STRICT_PROTOTYPES = YES;
				CLANG_WARN_SUSPICIOUS_MOVE = YES;
				CLANG_WARN_UNGUARDED_AVAILABILITY = YES_AGGRESSIVE;
				CLANG_WARN_UNREACHABLE_CODE = YES;
				CLANG_WARN__DUPLICATE_METHOD_MATCH = YES;
				COPY_PHASE_STRIP = NO;
				DEBUG_INFORMATION_FORMAT = "dwarf-with-dsym";
				ENABLE_NS_ASSERTIONS = NO;
				ENABLE_STRICT_OBJC_MSGSEND = YES;
				ENABLE_USER_SCRIPT_SANDBOXING = YES;
				GCC_C_LANGUAGE_STANDARD = gnu17;
				GCC_NO_COMMON_BLOCKS = YES;
				GCC_WARN_64_TO_32_BIT_CONVERSION = YES;
				GCC_WARN_ABOUT_RETURN_TYPE = YES_ERROR;
				GCC_WARN_UNDECLARED_SELECTOR = YES;
				GCC_WARN_UNINITIALIZED_AUTOS = YES_AGGRESSIVE;
				GCC_WARN_UNUSED_FUNCTION = YES;
				GCC_WARN_UNUSED_VARIABLE = YES;
				IPHONEOS_DEPLOYMENT_TARGET = 17.2;
				LOCALIZATION_PREFERS_STRING_CATALOGS = YES;
				MTL_ENABLE_DEBUG_INFO = NO;
				MTL_FAST_MATH = YES;
				SDKROOT = iphoneos;
				SWIFT_COMPILATION_MODE = wholemodule;
				VALIDATE_PRODUCT = YES;
			};
			name = Release;
		};
		D4C173C92B7E316B0070F560 /* Debug */ = {
			isa = XCBuildConfiguration;
			buildSettings = {
				ASSETCATALOG_COMPILER_APPICON_NAME = AppIcon;
				ASSETCATALOG_COMPILER_GLOBAL_ACCENT_COLOR_NAME = AccentColor;
				CODE_SIGN_STYLE = Automatic;
				CURRENT_PROJECT_VERSION = 1;
				GENERATE_INFOPLIST_FILE = YES;
				INFOPLIST_FILE = "SampleApp-UIKit/Info.plist";
				INFOPLIST_KEY_UIApplicationSupportsIndirectInputEvents = YES;
				INFOPLIST_KEY_UILaunchStoryboardName = LaunchScreen;
				INFOPLIST_KEY_UISupportedInterfaceOrientations_iPad = "UIInterfaceOrientationPortrait UIInterfaceOrientationPortraitUpsideDown UIInterfaceOrientationLandscapeLeft UIInterfaceOrientationLandscapeRight";
				INFOPLIST_KEY_UISupportedInterfaceOrientations_iPhone = "UIInterfaceOrientationPortrait UIInterfaceOrientationLandscapeLeft UIInterfaceOrientationLandscapeRight";
				LD_RUNPATH_SEARCH_PATHS = (
					"$(inherited)",
					"@executable_path/Frameworks",
				);
				MARKETING_VERSION = 1.0;
				PRODUCT_BUNDLE_IDENTIFIER = "com.filipetamota.SampleApp-UIKit";
				PRODUCT_NAME = "$(TARGET_NAME)";
				SWIFT_EMIT_LOC_STRINGS = YES;
				SWIFT_VERSION = 5.0;
				TARGETED_DEVICE_FAMILY = "1,2";
			};
			name = Debug;
		};
		D4C173CA2B7E316B0070F560 /* Release */ = {
			isa = XCBuildConfiguration;
			buildSettings = {
				ASSETCATALOG_COMPILER_APPICON_NAME = AppIcon;
				ASSETCATALOG_COMPILER_GLOBAL_ACCENT_COLOR_NAME = AccentColor;
				CODE_SIGN_STYLE = Automatic;
				CURRENT_PROJECT_VERSION = 1;
				GENERATE_INFOPLIST_FILE = YES;
				INFOPLIST_FILE = "SampleApp-UIKit/Info.plist";
				INFOPLIST_KEY_UIApplicationSupportsIndirectInputEvents = YES;
				INFOPLIST_KEY_UILaunchStoryboardName = LaunchScreen;
				INFOPLIST_KEY_UISupportedInterfaceOrientations_iPad = "UIInterfaceOrientationPortrait UIInterfaceOrientationPortraitUpsideDown UIInterfaceOrientationLandscapeLeft UIInterfaceOrientationLandscapeRight";
				INFOPLIST_KEY_UISupportedInterfaceOrientations_iPhone = "UIInterfaceOrientationPortrait UIInterfaceOrientationLandscapeLeft UIInterfaceOrientationLandscapeRight";
				LD_RUNPATH_SEARCH_PATHS = (
					"$(inherited)",
					"@executable_path/Frameworks",
				);
				MARKETING_VERSION = 1.0;
				PRODUCT_BUNDLE_IDENTIFIER = "com.filipetamota.SampleApp-UIKit";
				PRODUCT_NAME = "$(TARGET_NAME)";
				SWIFT_EMIT_LOC_STRINGS = YES;
				SWIFT_VERSION = 5.0;
				TARGETED_DEVICE_FAMILY = "1,2";
			};
			name = Release;
		};
		D4C173CC2B7E316B0070F560 /* Debug */ = {
			isa = XCBuildConfiguration;
			buildSettings = {
				ALWAYS_EMBED_SWIFT_STANDARD_LIBRARIES = YES;
				BUNDLE_LOADER = "$(TEST_HOST)";
				CODE_SIGN_STYLE = Automatic;
				CURRENT_PROJECT_VERSION = 1;
				GENERATE_INFOPLIST_FILE = YES;
				IPHONEOS_DEPLOYMENT_TARGET = 17.2;
				MARKETING_VERSION = 1.0;
				PRODUCT_BUNDLE_IDENTIFIER = "com.filipetamota.SampleApp-UIKitTests";
				PRODUCT_NAME = "$(TARGET_NAME)";
				SWIFT_EMIT_LOC_STRINGS = NO;
				SWIFT_VERSION = 5.0;
				TARGETED_DEVICE_FAMILY = "1,2";
				TEST_HOST = "$(BUILT_PRODUCTS_DIR)/SampleApp-UIKit.app/$(BUNDLE_EXECUTABLE_FOLDER_PATH)/SampleApp-UIKit";
			};
			name = Debug;
		};
		D4C173CD2B7E316B0070F560 /* Release */ = {
			isa = XCBuildConfiguration;
			buildSettings = {
				ALWAYS_EMBED_SWIFT_STANDARD_LIBRARIES = YES;
				BUNDLE_LOADER = "$(TEST_HOST)";
				CODE_SIGN_STYLE = Automatic;
				CURRENT_PROJECT_VERSION = 1;
				GENERATE_INFOPLIST_FILE = YES;
				IPHONEOS_DEPLOYMENT_TARGET = 17.2;
				MARKETING_VERSION = 1.0;
				PRODUCT_BUNDLE_IDENTIFIER = "com.filipetamota.SampleApp-UIKitTests";
				PRODUCT_NAME = "$(TARGET_NAME)";
				SWIFT_EMIT_LOC_STRINGS = NO;
				SWIFT_VERSION = 5.0;
				TARGETED_DEVICE_FAMILY = "1,2";
				TEST_HOST = "$(BUILT_PRODUCTS_DIR)/SampleApp-UIKit.app/$(BUNDLE_EXECUTABLE_FOLDER_PATH)/SampleApp-UIKit";
			};
			name = Release;
		};
		D4C173CF2B7E316B0070F560 /* Debug */ = {
			isa = XCBuildConfiguration;
			buildSettings = {
				ALWAYS_EMBED_SWIFT_STANDARD_LIBRARIES = YES;
				CODE_SIGN_STYLE = Automatic;
				CURRENT_PROJECT_VERSION = 1;
				GENERATE_INFOPLIST_FILE = YES;
				MARKETING_VERSION = 1.0;
				PRODUCT_BUNDLE_IDENTIFIER = "com.filipetamota.SampleApp-UIKitUITests";
				PRODUCT_NAME = "$(TARGET_NAME)";
				SWIFT_EMIT_LOC_STRINGS = NO;
				SWIFT_VERSION = 5.0;
				TARGETED_DEVICE_FAMILY = "1,2";
				TEST_TARGET_NAME = "SampleApp-UIKit";
			};
			name = Debug;
		};
		D4C173D02B7E316B0070F560 /* Release */ = {
			isa = XCBuildConfiguration;
			buildSettings = {
				ALWAYS_EMBED_SWIFT_STANDARD_LIBRARIES = YES;
				CODE_SIGN_STYLE = Automatic;
				CURRENT_PROJECT_VERSION = 1;
				GENERATE_INFOPLIST_FILE = YES;
				MARKETING_VERSION = 1.0;
				PRODUCT_BUNDLE_IDENTIFIER = "com.filipetamota.SampleApp-UIKitUITests";
				PRODUCT_NAME = "$(TARGET_NAME)";
				SWIFT_EMIT_LOC_STRINGS = NO;
				SWIFT_VERSION = 5.0;
				TARGETED_DEVICE_FAMILY = "1,2";
				TEST_TARGET_NAME = "SampleApp-UIKit";
			};
			name = Release;
		};
/* End XCBuildConfiguration section */

/* Begin XCConfigurationList section */
		D4C173992B7E31690070F560 /* Build configuration list for PBXProject "SampleApp-UIKit" */ = {
			isa = XCConfigurationList;
			buildConfigurations = (
				D4C173C62B7E316B0070F560 /* Debug */,
				D4C173C72B7E316B0070F560 /* Release */,
			);
			defaultConfigurationIsVisible = 0;
			defaultConfigurationName = Release;
		};
		D4C173C82B7E316B0070F560 /* Build configuration list for PBXNativeTarget "SampleApp-UIKit" */ = {
			isa = XCConfigurationList;
			buildConfigurations = (
				D4C173C92B7E316B0070F560 /* Debug */,
				D4C173CA2B7E316B0070F560 /* Release */,
			);
			defaultConfigurationIsVisible = 0;
			defaultConfigurationName = Release;
		};
		D4C173CB2B7E316B0070F560 /* Build configuration list for PBXNativeTarget "SampleApp-UIKitTests" */ = {
			isa = XCConfigurationList;
			buildConfigurations = (
				D4C173CC2B7E316B0070F560 /* Debug */,
				D4C173CD2B7E316B0070F560 /* Release */,
			);
			defaultConfigurationIsVisible = 0;
			defaultConfigurationName = Release;
		};
		D4C173CE2B7E316B0070F560 /* Build configuration list for PBXNativeTarget "SampleApp-UIKitUITests" */ = {
			isa = XCConfigurationList;
			buildConfigurations = (
				D4C173CF2B7E316B0070F560 /* Debug */,
				D4C173D02B7E316B0070F560 /* Release */,
			);
			defaultConfigurationIsVisible = 0;
			defaultConfigurationName = Release;
		};
/* End XCConfigurationList section */

/* Begin XCVersionGroup section */
		D4EA30A22B855C26000B562E /* DataModel.xcdatamodeld */ = {
			isa = XCVersionGroup;
			children = (
				D4EA30A32B855C26000B562E /* DataModel.xcdatamodel */,
			);
			currentVersion = D4EA30A32B855C26000B562E /* DataModel.xcdatamodel */;
			path = DataModel.xcdatamodeld;
			sourceTree = "<group>";
			versionGroupType = wrapper.xcdatamodel;
		};
/* End XCVersionGroup section */
	};
	rootObject = D4C173962B7E31690070F560 /* Project object */;
}
